// !$*UTF8*$!
{
	archiveVersion = 1;
	classes = {
	};
	objectVersion = 77;
	objects = {

/* Begin PBXBuildFile section */
		56E6EDBF2FBF83F300650219 /* CommonError in Frameworks */ = {isa = PBXBuildFile; productRef = 56E6EDBE2FBF83F300650219 /* CommonError */; };
		56E6EDC22FBF843900650219 /* FactoryKit in Frameworks */ = {isa = PBXBuildFile; productRef = 56E6EDC12FBF843900650219 /* FactoryKit */; };
/* End PBXBuildFile section */

/* Begin PBXContainerItemProxy section */
		56E6ED152FBF81B100650219 /* PBXContainerItemProxy */ = {
			isa = PBXContainerItemProxy;
			containerPortal = 56E6ECFB2FBF81B000650219 /* Project object */;
			proxyType = 1;
			remoteGlobalIDString = 56E6ED022FBF81B000650219;
			remoteInfo = ShoppingManiac;
		};
		56E6ED1F2FBF81B100650219 /* PBXContainerItemProxy */ = {
			isa = PBXContainerItemProxy;
			containerPortal = 56E6ECFB2FBF81B000650219 /* Project object */;
			proxyType = 1;
			remoteGlobalIDString = 56E6ED022FBF81B000650219;
			remoteInfo = ShoppingManiac;
		};
/* End PBXContainerItemProxy section */

/* Begin PBXFileReference section */
		56E6ED032FBF81B000650219 /* ShoppingManiac.app */ = {isa = PBXFileReference; explicitFileType = wrapper.application; includeInIndex = 0; path = ShoppingManiac.app; sourceTree = BUILT_PRODUCTS_DIR; };
		56E6ED142FBF81B100650219 /* ShoppingManiacTests.xctest */ = {isa = PBXFileReference; explicitFileType = wrapper.cfbundle; includeInIndex = 0; path = ShoppingManiacTests.xctest; sourceTree = BUILT_PRODUCTS_DIR; };
		56E6ED1E2FBF81B100650219 /* ShoppingManiacUITests.xctest */ = {isa = PBXFileReference; explicitFileType = wrapper.cfbundle; includeInIndex = 0; path = ShoppingManiacUITests.xctest; sourceTree = BUILT_PRODUCTS_DIR; };
/* End PBXFileReference section */

/* Begin PBXFileSystemSynchronizedBuildFileExceptionSet section */
		56E6ED262FBF81B100650219 /* Exceptions for "ShoppingManiac" folder in "ShoppingManiac" target */ = {
			isa = PBXFileSystemSynchronizedBuildFileExceptionSet;
			membershipExceptions = (
				Info.plist,
			);
			target = 56E6ED022FBF81B000650219 /* ShoppingManiac */;
		};
/* End PBXFileSystemSynchronizedBuildFileExceptionSet section */

/* Begin PBXFileSystemSynchronizedRootGroup section */
		56E6ED052FBF81B000650219 /* ShoppingManiac */ = {
			isa = PBXFileSystemSynchronizedRootGroup;
			exceptions = (
				56E6ED262FBF81B100650219 /* Exceptions for "ShoppingManiac" folder in "ShoppingManiac" target */,
			);
			path = ShoppingManiac;
			sourceTree = "<group>";
		};
		56E6ED172FBF81B100650219 /* ShoppingManiacTests */ = {
			isa = PBXFileSystemSynchronizedRootGroup;
			path = ShoppingManiacTests;
			sourceTree = "<group>";
		};
		56E6ED212FBF81B100650219 /* ShoppingManiacUITests */ = {
			isa = PBXFileSystemSynchronizedRootGroup;
			path = ShoppingManiacUITests;
			sourceTree = "<group>";
		};
/* End PBXFileSystemSynchronizedRootGroup section */

/* Begin PBXFrameworksBuildPhase section */
		56E6ED002FBF81B000650219 /* Frameworks */ = {
			isa = PBXFrameworksBuildPhase;
			buildActionMask = 2147483647;
			files = (
				56E6EDC22FBF843900650219 /* FactoryKit in Frameworks */,
				56E6EDBF2FBF83F300650219 /* CommonError in Frameworks */,
			);
			runOnlyForDeploymentPostprocessing = 0;
		};
		56E6ED112FBF81B100650219 /* Frameworks */ = {
			isa = PBXFrameworksBuildPhase;
			buildActionMask = 2147483647;
			files = (
			);
			runOnlyForDeploymentPostprocessing = 0;
		};
		56E6ED1B2FBF81B100650219 /* Frameworks */ = {
			isa = PBXFrameworksBuildPhase;
			buildActionMask = 2147483647;
			files = (
			);
			runOnlyForDeploymentPostprocessing = 0;
		};
/* End PBXFrameworksBuildPhase section */

/* Begin PBXGroup section */
		56E6ECFA2FBF81B000650219 = {
			isa = PBXGroup;
			children = (
				56E6ED052FBF81B000650219 /* ShoppingManiac */,
				56E6ED172FBF81B100650219 /* ShoppingManiacTests */,
				56E6ED212FBF81B100650219 /* ShoppingManiacUITests */,
				56E6ED042FBF81B000650219 /* Products */,
			);
			sourceTree = "<group>";
		};
		56E6ED042FBF81B000650219 /* Products */ = {
			isa = PBXGroup;
			children = (
				56E6ED032FBF81B000650219 /* ShoppingManiac.app */,
				56E6ED142FBF81B100650219 /* ShoppingManiacTests.xctest */,
				56E6ED1E2FBF81B100650219 /* ShoppingManiacUITests.xctest */,
			);
			name = Products;
			sourceTree = "<group>";
		};
/* End PBXGroup section */

/* Begin PBXNativeTarget section */
		56E6ED022FBF81B000650219 /* ShoppingManiac */ = {
			isa = PBXNativeTarget;
			buildConfigurationList = 56E6ED272FBF81B100650219 /* Build configuration list for PBXNativeTarget "ShoppingManiac" */;
			buildPhases = (
				56E6ECFF2FBF81B000650219 /* Sources */,
				56E6ED002FBF81B000650219 /* Frameworks */,
				56E6ED012FBF81B000650219 /* Resources */,
			);
			buildRules = (
			);
			dependencies = (
			);
			fileSystemSynchronizedGroups = (
				56E6ED052FBF81B000650219 /* ShoppingManiac */,
			);
			name = ShoppingManiac;
			packageProductDependencies = (
				56E6EDBE2FBF83F300650219 /* CommonError */,
				56E6EDC12FBF843900650219 /* FactoryKit */,
			);
			productName = ShoppingManiac;
			productReference = 56E6ED032FBF81B000650219 /* ShoppingManiac.app */;
			productType = "com.apple.product-type.application";
		};
		56E6ED132FBF81B100650219 /* ShoppingManiacTests */ = {
			isa = PBXNativeTarget;
			buildConfigurationList = 56E6ED2C2FBF81B100650219 /* Build configuration list for PBXNativeTarget "ShoppingManiacTests" */;
			buildPhases = (
				56E6ED102FBF81B100650219 /* Sources */,
				56E6ED112FBF81B100650219 /* Frameworks */,
				56E6ED122FBF81B100650219 /* Resources */,
			);
			buildRules = (
			);
			dependencies = (
				56E6ED162FBF81B100650219 /* PBXTargetDependency */,
			);
			fileSystemSynchronizedGroups = (
				56E6ED172FBF81B100650219 /* ShoppingManiacTests */,
			);
			name = ShoppingManiacTests;
			packageProductDependencies = (
			);
			productName = ShoppingManiacTests;
			productReference = 56E6ED142FBF81B100650219 /* ShoppingManiacTests.xctest */;
			productType = "com.apple.product-type.bundle.unit-test";
		};
		56E6ED1D2FBF81B100650219 /* ShoppingManiacUITests */ = {
			isa = PBXNativeTarget;
			buildConfigurationList = 56E6ED2F2FBF81B100650219 /* Build configuration list for PBXNativeTarget "ShoppingManiacUITests" */;
			buildPhases = (
				56E6ED1A2FBF81B100650219 /* Sources */,
				56E6ED1B2FBF81B100650219 /* Frameworks */,
				56E6ED1C2FBF81B100650219 /* Resources */,
			);
			buildRules = (
			);
			dependencies = (
				56E6ED202FBF81B100650219 /* PBXTargetDependency */,
			);
			fileSystemSynchronizedGroups = (
				56E6ED212FBF81B100650219 /* ShoppingManiacUITests */,
			);
			name = ShoppingManiacUITests;
			packageProductDependencies = (
			);
			productName = ShoppingManiacUITests;
			productReference = 56E6ED1E2FBF81B100650219 /* ShoppingManiacUITests.xctest */;
			productType = "com.apple.product-type.bundle.ui-testing";
		};
/* End PBXNativeTarget section */

/* Begin PBXProject section */
		56E6ECFB2FBF81B000650219 /* Project object */ = {
			isa = PBXProject;
			attributes = {
				BuildIndependentTargetsInParallel = 1;
				LastSwiftUpdateCheck = 2650;
				LastUpgradeCheck = 2650;
				TargetAttributes = {
					56E6ED022FBF81B000650219 = {
						CreatedOnToolsVersion = 26.5;
					};
					56E6ED132FBF81B100650219 = {
						CreatedOnToolsVersion = 26.5;
						TestTargetID = 56E6ED022FBF81B000650219;
					};
					56E6ED1D2FBF81B100650219 = {
						CreatedOnToolsVersion = 26.5;
						TestTargetID = 56E6ED022FBF81B000650219;
					};
				};
			};
			buildConfigurationList = 56E6ECFE2FBF81B000650219 /* Build configuration list for PBXProject "ShoppingManiac" */;
			developmentRegion = en;
			hasScannedForEncodings = 0;
			knownRegions = (
				en,
				Base,
			);
			mainGroup = 56E6ECFA2FBF81B000650219;
			minimizedProjectReferenceProxies = 1;
			packageReferences = (
				56E6EDBD2FBF83F300650219 /* XCRemoteSwiftPackageReference "CommonError" */,
				56E6EDC02FBF843900650219 /* XCRemoteSwiftPackageReference "Factory" */,
			);
			preferredProjectObjectVersion = 77;
			productRefGroup = 56E6ED042FBF81B000650219 /* Products */;
			projectDirPath = "";
			projectRoot = "";
			targets = (
				56E6ED022FBF81B000650219 /* ShoppingManiac */,
				56E6ED132FBF81B100650219 /* ShoppingManiacTests */,
				56E6ED1D2FBF81B100650219 /* ShoppingManiacUITests */,
			);
		};
/* End PBXProject section */

/* Begin PBXResourcesBuildPhase section */
		56E6ED012FBF81B000650219 /* Resources */ = {
			isa = PBXResourcesBuildPhase;
			buildActionMask = 2147483647;
			files = (
			);
			runOnlyForDeploymentPostprocessing = 0;
		};
		56E6ED122FBF81B100650219 /* Resources */ = {
			isa = PBXResourcesBuildPhase;
			buildActionMask = 2147483647;
			files = (
			);
			runOnlyForDeploymentPostprocessing = 0;
		};
		56E6ED1C2FBF81B100650219 /* Resources */ = {
			isa = PBXResourcesBuildPhase;
			buildActionMask = 2147483647;
			files = (
			);
			runOnlyForDeploymentPostprocessing = 0;
		};
/* End PBXResourcesBuildPhase section */

/* Begin PBXSourcesBuildPhase section */
		56E6ECFF2FBF81B000650219 /* Sources */ = {
			isa = PBXSourcesBuildPhase;
			buildActionMask = 2147483647;
			files = (
			);
			runOnlyForDeploymentPostprocessing = 0;
		};
		56E6ED102FBF81B100650219 /* Sources */ = {
			isa = PBXSourcesBuildPhase;
			buildActionMask = 2147483647;
			files = (
			);
			runOnlyForDeploymentPostprocessing = 0;
		};
		56E6ED1A2FBF81B100650219 /* Sources */ = {
			isa = PBXSourcesBuildPhase;
			buildActionMask = 2147483647;
			files = (
			);
			runOnlyForDeploymentPostprocessing = 0;
		};
/* End PBXSourcesBuildPhase section */

/* Begin PBXTargetDependency section */
		56E6ED162FBF81B100650219 /* PBXTargetDependency */ = {
			isa = PBXTargetDependency;
			target = 56E6ED022FBF81B000650219 /* ShoppingManiac */;
			targetProxy = 56E6ED152FBF81B100650219 /* PBXContainerItemProxy */;
		};
		56E6ED202FBF81B100650219 /* PBXTargetDependency */ = {
			isa = PBXTargetDependency;
			target = 56E6ED022FBF81B000650219 /* ShoppingManiac */;
			targetProxy = 56E6ED1F2FBF81B100650219 /* PBXContainerItemProxy */;
		};
/* End PBXTargetDependency section */

/* Begin XCBuildConfiguration section */
		56E6ED282FBF81B100650219 /* Debug */ = {
			isa = XCBuildConfiguration;
			buildSettings = {
				ASSETCATALOG_COMPILER_APPICON_NAME = AppIcon;
				ASSETCATALOG_COMPILER_GLOBAL_ACCENT_COLOR_NAME = AccentColor;
				CODE_SIGN_ENTITLEMENTS = ShoppingManiac/ShoppingManiac.entitlements;
				CODE_SIGN_STYLE = Automatic;
				CURRENT_PROJECT_VERSION = 1;
				DEVELOPMENT_TEAM = 5LPE595N4R;
				ENABLE_APP_SANDBOX = YES;
				ENABLE_HARDENED_RUNTIME = YES;
				ENABLE_PREVIEWS = YES;
				ENABLE_USER_SELECTED_FILES = readonly;
				GENERATE_INFOPLIST_FILE = YES;
				INFOPLIST_FILE = ShoppingManiac/Info.plist;
				INFOPLIST_KEY_ITSAppUsesNonExemptEncryption = NO;
				"INFOPLIST_KEY_UIApplicationSceneManifest_Generation[sdk=iphoneos*]" = YES;
				"INFOPLIST_KEY_UIApplicationSceneManifest_Generation[sdk=iphonesimulator*]" = YES;
				"INFOPLIST_KEY_UIApplicationSupportsIndirectInputEvents[sdk=iphoneos*]" = YES;
				"INFOPLIST_KEY_UIApplicationSupportsIndirectInputEvents[sdk=iphonesimulator*]" = YES;
				"INFOPLIST_KEY_UILaunchScreen_Generation[sdk=iphoneos*]" = YES;
				"INFOPLIST_KEY_UILaunchScreen_Generation[sdk=iphonesimulator*]" = YES;
				"INFOPLIST_KEY_UIStatusBarStyle[sdk=iphoneos*]" = UIStatusBarStyleDefault;
				"INFOPLIST_KEY_UIStatusBarStyle[sdk=iphonesimulator*]" = UIStatusBarStyleDefault;
				INFOPLIST_KEY_UISupportedInterfaceOrientations_iPad = "UIInterfaceOrientationPortrait UIInterfaceOrientationPortraitUpsideDown UIInterfaceOrientationLandscapeLeft UIInterfaceOrientationLandscapeRight";
				INFOPLIST_KEY_UISupportedInterfaceOrientations_iPhone = "UIInterfaceOrientationPortrait UIInterfaceOrientationLandscapeLeft UIInterfaceOrientationLandscapeRight";
				INFOPLIST_KEY_UISupportsDocumentBrowser = NO;
				IPHONEOS_DEPLOYMENT_TARGET = 17.6;
				LD_RUNPATH_SEARCH_PATHS = "@executable_path/Frameworks";
				MARKETING_VERSION = 2.1.1;
				PRODUCT_BUNDLE_IDENTIFIER = org.md.ShoppingManiac;
				PRODUCT_NAME = "$(TARGET_NAME)";
				REGISTER_APP_GROUPS = YES;
				SDKROOT = auto;
				STRING_CATALOG_GENERATE_SYMBOLS = YES;
				SUPPORTED_PLATFORMS = "iphoneos iphonesimulator";
				SWIFT_APPROACHABLE_CONCURRENCY = YES;
				SWIFT_DEFAULT_ACTOR_ISOLATION = MainActor;
				SWIFT_EMIT_LOC_STRINGS = YES;
				SWIFT_UPCOMING_FEATURE_MEMBER_IMPORT_VISIBILITY = YES;
				SWIFT_VERSION = 6.0;
				TARGETED_DEVICE_FAMILY = "1,2";
			};
			name = Debug;
		};
		56E6ED292FBF81B100650219 /* Release */ = {
			isa = XCBuildConfiguration;
			buildSettings = {
				ASSETCATALOG_COMPILER_APPICON_NAME = AppIcon;
				ASSETCATALOG_COMPILER_GLOBAL_ACCENT_COLOR_NAME = AccentColor;
				CODE_SIGN_ENTITLEMENTS = ShoppingManiac/ShoppingManiac.entitlements;
				CODE_SIGN_STYLE = Automatic;
				CURRENT_PROJECT_VERSION = 1;
				DEVELOPMENT_TEAM = 5LPE595N4R;
				ENABLE_APP_SANDBOX = YES;
				ENABLE_HARDENED_RUNTIME = YES;
				ENABLE_PREVIEWS = YES;
				ENABLE_USER_SELECTED_FILES = readonly;
				GENERATE_INFOPLIST_FILE = YES;
				INFOPLIST_FILE = ShoppingManiac/Info.plist;
				INFOPLIST_KEY_ITSAppUsesNonExemptEncryption = NO;
				"INFOPLIST_KEY_UIApplicationSceneManifest_Generation[sdk=iphoneos*]" = YES;
				"INFOPLIST_KEY_UIApplicationSceneManifest_Generation[sdk=iphonesimulator*]" = YES;
				"INFOPLIST_KEY_UIApplicationSupportsIndirectInputEvents[sdk=iphoneos*]" = YES;
				"INFOPLIST_KEY_UIApplicationSupportsIndirectInputEvents[sdk=iphonesimulator*]" = YES;
				"INFOPLIST_KEY_UILaunchScreen_Generation[sdk=iphoneos*]" = YES;
				"INFOPLIST_KEY_UILaunchScreen_Generation[sdk=iphonesimulator*]" = YES;
				"INFOPLIST_KEY_UIStatusBarStyle[sdk=iphoneos*]" = UIStatusBarStyleDefault;
				"INFOPLIST_KEY_UIStatusBarStyle[sdk=iphonesimulator*]" = UIStatusBarStyleDefault;
				INFOPLIST_KEY_UISupportedInterfaceOrientations_iPad = "UIInterfaceOrientationPortrait UIInterfaceOrientationPortraitUpsideDown UIInterfaceOrientationLandscapeLeft UIInterfaceOrientationLandscapeRight";
				INFOPLIST_KEY_UISupportedInterfaceOrientations_iPhone = "UIInterfaceOrientationPortrait UIInterfaceOrientationLandscapeLeft UIInterfaceOrientationLandscapeRight";
				INFOPLIST_KEY_UISupportsDocumentBrowser = NO;
				IPHONEOS_DEPLOYMENT_TARGET = 17.6;
				LD_RUNPATH_SEARCH_PATHS = "@executable_path/Frameworks";
				MARKETING_VERSION = 2.1.1;
				PRODUCT_BUNDLE_IDENTIFIER = org.md.ShoppingManiac;
				PRODUCT_NAME = "$(TARGET_NAME)";
				REGISTER_APP_GROUPS = YES;
				SDKROOT = auto;
				STRING_CATALOG_GENERATE_SYMBOLS = YES;
				SUPPORTED_PLATFORMS = "iphoneos iphonesimulator";
				SWIFT_APPROACHABLE_CONCURRENCY = YES;
				SWIFT_DEFAULT_ACTOR_ISOLATION = MainActor;
				SWIFT_EMIT_LOC_STRINGS = YES;
				SWIFT_UPCOMING_FEATURE_MEMBER_IMPORT_VISIBILITY = YES;
				SWIFT_VERSION = 6.0;
				TARGETED_DEVICE_FAMILY = "1,2";
			};
			name = Release;
		};
		56E6ED2A2FBF81B100650219 /* Debug */ = {
			isa = XCBuildConfiguration;
			buildSettings = {
				ALWAYS_SEARCH_USER_PATHS = NO;
				ASSETCATALOG_COMPILER_GENERATE_SWIFT_ASSET_SYMBOL_EXTENSIONS = YES;
				CLANG_ANALYZER_NONNULL = YES;
				CLANG_ANALYZER_NUMBER_OBJECT_CONVERSION = YES_AGGRESSIVE;
				CLANG_CXX_LANGUAGE_STANDARD = "gnu++20";
				CLANG_ENABLE_MODULES = YES;
				CLANG_ENABLE_OBJC_ARC = YES;
				CLANG_ENABLE_OBJC_WEAK = YES;
				CLANG_WARN_BLOCK_CAPTURE_AUTORELEASING = YES;
				CLANG_WARN_BOOL_CONVERSION = YES;
				CLANG_WARN_COMMA = YES;
				CLANG_WARN_CONSTANT_CONVERSION = YES;
				CLANG_WARN_DEPRECATED_OBJC_IMPLEMENTATIONS = YES;
				CLANG_WARN_DIRECT_OBJC_ISA_USAGE = YES_ERROR;
				CLANG_WARN_DOCUMENTATION_COMMENTS = YES;
				CLANG_WARN_EMPTY_BODY = YES;
				CLANG_WARN_ENUM_CONVERSION = YES;
				CLANG_WARN_INFINITE_RECURSION = YES;
				CLANG_WARN_INT_CONVERSION = YES;
				CLANG_WARN_NON_LITERAL_NULL_CONVERSION = YES;
				CLANG_WARN_OBJC_IMPLICIT_RETAIN_SELF = YES;
				CLANG_WARN_OBJC_LITERAL_CONVERSION = YES;
				CLANG_WARN_OBJC_ROOT_CLASS = YES_ERROR;
				CLANG_WARN_QUOTED_INCLUDE_IN_FRAMEWORK_HEADER = YES;
				CLANG_WARN_RANGE_LOOP_ANALYSIS = YES;
				CLANG_WARN_STRICT_PROTOTYPES = YES;
				CLANG_WARN_SUSPICIOUS_MOVE = YES;
				CLANG_WARN_UNGUARDED_AVAILABILITY = YES_AGGRESSIVE;
				CLANG_WARN_UNREACHABLE_CODE = YES;
				CLANG_WARN__DUPLICATE_METHOD_MATCH = YES;
				COPY_PHASE_STRIP = NO;
				DEBUG_INFORMATION_FORMAT = dwarf;
				DEVELOPMENT_TEAM = 5LPE595N4R;
				ENABLE_STRICT_OBJC_MSGSEND = YES;
				ENABLE_TESTABILITY = YES;
				ENABLE_USER_SCRIPT_SANDBOXING = YES;
				GCC_C_LANGUAGE_STANDARD = gnu17;
				GCC_DYNAMIC_NO_PIC = NO;
				GCC_NO_COMMON_BLOCKS = YES;
				GCC_OPTIMIZATION_LEVEL = 0;
				GCC_PREPROCESSOR_DEFINITIONS = (
					"DEBUG=1",
					"$(inherited)",
				);
				GCC_WARN_64_TO_32_BIT_CONVERSION = YES;
				GCC_WARN_ABOUT_RETURN_TYPE = YES_ERROR;
				GCC_WARN_UNDECLARED_SELECTOR = YES;
				GCC_WARN_UNINITIALIZED_AUTOS = YES_AGGRESSIVE;
				GCC_WARN_UNUSED_FUNCTION = YES;
				GCC_WARN_UNUSED_VARIABLE = YES;
				LOCALIZATION_PREFERS_STRING_CATALOGS = YES;
				MTL_ENABLE_DEBUG_INFO = INCLUDE_SOURCE;
				MTL_FAST_MATH = YES;
				ONLY_ACTIVE_ARCH = YES;
				SWIFT_ACTIVE_COMPILATION_CONDITIONS = "DEBUG $(inherited)";
				SWIFT_OPTIMIZATION_LEVEL = "-Onone";
			};
			name = Debug;
		};
		56E6ED2B2FBF81B100650219 /* Release */ = {
			isa = XCBuildConfiguration;
			buildSettings = {
				ALWAYS_SEARCH_USER_PATHS = NO;
				ASSETCATALOG_COMPILER_GENERATE_SWIFT_ASSET_SYMBOL_EXTENSIONS = YES;
				CLANG_ANALYZER_NONNULL = YES;
				CLANG_ANALYZER_NUMBER_OBJECT_CONVERSION = YES_AGGRESSIVE;
				CLANG_CXX_LANGUAGE_STANDARD = "gnu++20";
				CLANG_ENABLE_MODULES = YES;
				CLANG_ENABLE_OBJC_ARC = YES;
				CLANG_ENABLE_OBJC_WEAK = YES;
				CLANG_WARN_BLOCK_CAPTURE_AUTORELEASING = YES;
				CLANG_WARN_BOOL_CONVERSION = YES;
				CLANG_WARN_COMMA = YES;
				CLANG_WARN_CONSTANT_CONVERSION = YES;
				CLANG_WARN_DEPRECATED_OBJC_IMPLEMENTATIONS = YES;
				CLANG_WARN_DIRECT_OBJC_ISA_USAGE = YES_ERROR;
				CLANG_WARN_DOCUMENTATION_COMMENTS = YES;
				CLANG_WARN_EMPTY_BODY = YES;
				CLANG_WARN_ENUM_CONVERSION = YES;
				CLANG_WARN_INFINITE_RECURSION = YES;
				CLANG_WARN_INT_CONVERSION = YES;
				CLANG_WARN_NON_LITERAL_NULL_CONVERSION = YES;
				CLANG_WARN_OBJC_IMPLICIT_RETAIN_SELF = YES;
				CLANG_WARN_OBJC_LITERAL_CONVERSION = YES;
				CLANG_WARN_OBJC_ROOT_CLASS = YES_ERROR;
				CLANG_WARN_QUOTED_INCLUDE_IN_FRAMEWORK_HEADER = YES;
				CLANG_WARN_RANGE_LOOP_ANALYSIS = YES;
				CLANG_WARN_STRICT_PROTOTYPES = YES;
				CLANG_WARN_SUSPICIOUS_MOVE = YES;
				CLANG_WARN_UNGUARDED_AVAILABILITY = YES_AGGRESSIVE;
				CLANG_WARN_UNREACHABLE_CODE = YES;
				CLANG_WARN__DUPLICATE_METHOD_MATCH = YES;
				COPY_PHASE_STRIP = NO;
				DEBUG_INFORMATION_FORMAT = "dwarf-with-dsym";
				DEVELOPMENT_TEAM = 5LPE595N4R;
				ENABLE_NS_ASSERTIONS = NO;
				ENABLE_STRICT_OBJC_MSGSEND = YES;
				ENABLE_USER_SCRIPT_SANDBOXING = YES;
				GCC_C_LANGUAGE_STANDARD = gnu17;
				GCC_NO_COMMON_BLOCKS = YES;
				GCC_WARN_64_TO_32_BIT_CONVERSION = YES;
				GCC_WARN_ABOUT_RETURN_TYPE = YES_ERROR;
				GCC_WARN_UNDECLARED_SELECTOR = YES;
				GCC_WARN_UNINITIALIZED_AUTOS = YES_AGGRESSIVE;
				GCC_WARN_UNUSED_FUNCTION = YES;
				GCC_WARN_UNUSED_VARIABLE = YES;
				LOCALIZATION_PREFERS_STRING_CATALOGS = YES;
				MTL_ENABLE_DEBUG_INFO = NO;
				MTL_FAST_MATH = YES;
				SWIFT_COMPILATION_MODE = wholemodule;
			};
			name = Release;
		};
		56E6ED2D2FBF81B100650219 /* Debug */ = {
			isa = XCBuildConfiguration;
			buildSettings = {
				BUNDLE_LOADER = "$(TEST_HOST)";
				CODE_SIGN_STYLE = Automatic;
				CURRENT_PROJECT_VERSION = 1;
				DEVELOPMENT_TEAM = 5LPE595N4R;
				GENERATE_INFOPLIST_FILE = YES;
				IPHONEOS_DEPLOYMENT_TARGET = 17.6;
				MARKETING_VERSION = 1.0;
				PRODUCT_BUNDLE_IDENTIFIER = org.mdd.ShoppingManiacTests;
				PRODUCT_NAME = "$(TARGET_NAME)";
				SDKROOT = auto;
				STRING_CATALOG_GENERATE_SYMBOLS = NO;
				SUPPORTED_PLATFORMS = "iphoneos iphonesimulator";
				SWIFT_APPROACHABLE_CONCURRENCY = YES;
				SWIFT_DEFAULT_ACTOR_ISOLATION = MainActor;
				SWIFT_EMIT_LOC_STRINGS = NO;
				SWIFT_UPCOMING_FEATURE_MEMBER_IMPORT_VISIBILITY = YES;
				SWIFT_VERSION = 6.0;
				TARGETED_DEVICE_FAMILY = "1,2";
				TEST_HOST = "$(BUILT_PRODUCTS_DIR)/ShoppingManiac.app/$(BUNDLE_EXECUTABLE_FOLDER_PATH)/ShoppingManiac";
			};
			name = Debug;
		};
		56E6ED2E2FBF81B100650219 /* Release */ = {
			isa = XCBuildConfiguration;
			buildSettings = {
				BUNDLE_LOADER = "$(TEST_HOST)";
				CODE_SIGN_STYLE = Automatic;
				CURRENT_PROJECT_VERSION = 1;
				DEVELOPMENT_TEAM = 5LPE595N4R;
				GENERATE_INFOPLIST_FILE = YES;
				IPHONEOS_DEPLOYMENT_TARGET = 17.6;
				MARKETING_VERSION = 1.0;
				PRODUCT_BUNDLE_IDENTIFIER = org.mdd.ShoppingManiacTests;
				PRODUCT_NAME = "$(TARGET_NAME)";
				SDKROOT = auto;
				STRING_CATALOG_GENERATE_SYMBOLS = NO;
				SUPPORTED_PLATFORMS = "iphoneos iphonesimulator";
				SWIFT_APPROACHABLE_CONCURRENCY = YES;
				SWIFT_DEFAULT_ACTOR_ISOLATION = MainActor;
				SWIFT_EMIT_LOC_STRINGS = NO;
				SWIFT_UPCOMING_FEATURE_MEMBER_IMPORT_VISIBILITY = YES;
				SWIFT_VERSION = 6.0;
				TARGETED_DEVICE_FAMILY = "1,2";
				TEST_HOST = "$(BUILT_PRODUCTS_DIR)/ShoppingManiac.app/$(BUNDLE_EXECUTABLE_FOLDER_PATH)/ShoppingManiac";
			};
			name = Release;
		};
		56E6ED302FBF81B100650219 /* Debug */ = {
			isa = XCBuildConfiguration;
			buildSettings = {
				CODE_SIGN_STYLE = Automatic;
				CURRENT_PROJECT_VERSION = 1;
				DEVELOPMENT_TEAM = 5LPE595N4R;
				GENERATE_INFOPLIST_FILE = YES;
				IPHONEOS_DEPLOYMENT_TARGET = 17.6;
				MARKETING_VERSION = 1.0;
				PRODUCT_BUNDLE_IDENTIFIER = org.mdd.ShoppingManiacUITests;
				PRODUCT_NAME = "$(TARGET_NAME)";
				SDKROOT = auto;
				STRING_CATALOG_GENERATE_SYMBOLS = NO;
				SUPPORTED_PLATFORMS = "iphoneos iphonesimulator";
				SWIFT_APPROACHABLE_CONCURRENCY = YES;
				SWIFT_EMIT_LOC_STRINGS = NO;
				SWIFT_UPCOMING_FEATURE_MEMBER_IMPORT_VISIBILITY = YES;
				SWIFT_VERSION = 6.0;
				TARGETED_DEVICE_FAMILY = "1,2";
				TEST_TARGET_NAME = ShoppingManiac;
			};
			name = Debug;
		};
		56E6ED312FBF81B100650219 /* Release */ = {
			isa = XCBuildConfiguration;
			buildSettings = {
				CODE_SIGN_STYLE = Automatic;
				CURRENT_PROJECT_VERSION = 1;
				DEVELOPMENT_TEAM = 5LPE595N4R;
				GENERATE_INFOPLIST_FILE = YES;
				IPHONEOS_DEPLOYMENT_TARGET = 17.6;
				MARKETING_VERSION = 1.0;
				PRODUCT_BUNDLE_IDENTIFIER = org.mdd.ShoppingManiacUITests;
				PRODUCT_NAME = "$(TARGET_NAME)";
				SDKROOT = auto;
				STRING_CATALOG_GENERATE_SYMBOLS = NO;
				SUPPORTED_PLATFORMS = "iphoneos iphonesimulator";
				SWIFT_APPROACHABLE_CONCURRENCY = YES;
				SWIFT_EMIT_LOC_STRINGS = NO;
				SWIFT_UPCOMING_FEATURE_MEMBER_IMPORT_VISIBILITY = YES;
				SWIFT_VERSION = 6.0;
				TARGETED_DEVICE_FAMILY = "1,2";
				TEST_TARGET_NAME = ShoppingManiac;
			};
			name = Release;
		};
/* End XCBuildConfiguration section */

/* Begin XCConfigurationList section */
		56E6ECFE2FBF81B000650219 /* Build configuration list for PBXProject "ShoppingManiac" */ = {
			isa = XCConfigurationList;
			buildConfigurations = (
				56E6ED2A2FBF81B100650219 /* Debug */,
				56E6ED2B2FBF81B100650219 /* Release */,
			);
			defaultConfigurationIsVisible = 0;
			defaultConfigurationName = Release;
		};
		56E6ED272FBF81B100650219 /* Build configuration list for PBXNativeTarget "ShoppingManiac" */ = {
			isa = XCConfigurationList;
			buildConfigurations = (
				56E6ED282FBF81B100650219 /* Debug */,
				56E6ED292FBF81B100650219 /* Release */,
			);
			defaultConfigurationIsVisible = 0;
			defaultConfigurationName = Release;
		};
		56E6ED2C2FBF81B100650219 /* Build configuration list for PBXNativeTarget "ShoppingManiacTests" */ = {
			isa = XCConfigurationList;
			buildConfigurations = (
				56E6ED2D2FBF81B100650219 /* Debug */,
				56E6ED2E2FBF81B100650219 /* Release */,
			);
			defaultConfigurationIsVisible = 0;
			defaultConfigurationName = Release;
		};
		56E6ED2F2FBF81B100650219 /* Build configuration list for PBXNativeTarget "ShoppingManiacUITests" */ = {
			isa = XCConfigurationList;
			buildConfigurations = (
				56E6ED302FBF81B100650219 /* Debug */,
				56E6ED312FBF81B100650219 /* Release */,
			);
			defaultConfigurationIsVisible = 0;
			defaultConfigurationName = Release;
		};
/* End XCConfigurationList section */

/* Begin XCRemoteSwiftPackageReference section */
		56E6EDBD2FBF83F300650219 /* XCRemoteSwiftPackageReference "CommonError" */ = {
			isa = XCRemoteSwiftPackageReference;
			repositoryURL = "https://github.com/dmatushkin/CommonError";
			requirement = {
				kind = revision;
				revision = 3150d7c8e7d443521aedfe95a89a9a742f243fe4;
			};
		};
		56E6EDC02FBF843900650219 /* XCRemoteSwiftPackageReference "Factory" */ = {
			isa = XCRemoteSwiftPackageReference;
			repositoryURL = "https://github.com/hmlongco/Factory";
			requirement = {
				kind = upToNextMajorVersion;
				minimumVersion = 3.0.4;
			};
		};
/* End XCRemoteSwiftPackageReference section */

/* Begin XCSwiftPackageProductDependency section */
		56E6EDBE2FBF83F300650219 /* CommonError */ = {
			isa = XCSwiftPackageProductDependency;
			package = 56E6EDBD2FBF83F300650219 /* XCRemoteSwiftPackageReference "CommonError" */;
			productName = CommonError;
		};
		56E6EDC12FBF843900650219 /* FactoryKit */ = {
			isa = XCSwiftPackageProductDependency;
			package = 56E6EDC02FBF843900650219 /* XCRemoteSwiftPackageReference "Factory" */;
			productName = FactoryKit;
		};
/* End XCSwiftPackageProductDependency section */
	};
	rootObject = 56E6ECFB2FBF81B000650219 /* Project object */;
}
